
Microsoft Visual Studio Solution File, Format Version 12.00
# Visual Studio Version 17
VisualStudioVersion = 17.10.34916.146
MinimumVisualStudioVersion = 10.0.40219.1
Project("{FAE04EC0-301F-11D3-BF4B-00C04F79EFBC}") = "Club", "Club.csproj", "{FC19C0C3-6976-4A55-8BF8-55F4C9319E53}"
EndProject
Global
	GlobalSection(SolutionConfigurationPlatforms) = preSolution
		Debug|Any CPU = Debug|Any CPU
		Release|Any CPU = Release|Any CPU
	EndGlobalSection
	GlobalSection(ProjectConfigurationPlatforms) = postSolution
		{FC19C0C3-6976-4A55-8BF8-55F4C9319E53}.Debug|Any CPU.ActiveCfg = Debug|Any CPU
		{FC19C0C3-6976-4A55-8BF8-55F4C9319E53}.Debug|Any CPU.Build.0 = Debug|Any CPU
		{FC19C0C3-6976-4A55-8BF8-55F4C9319E53}.Release|Any CPU.ActiveCfg = Release|Any CPU
		{FC19C0C3-6976-4A55-8BF8-55F4C9319E53}.Release|Any CPU.Build.0 = Release|Any CPU
	EndGlobalSection
	GlobalSection(SolutionProperties) = preSolution
		HideSolutionNode = FALSE
	EndGlobalSection
	GlobalSection(ExtensibilityGlobals) = postSolution
		SolutionGuid = {E484A0F6-0A15-4538-AAA0-75A7399E524E}
	EndGlobalSection
EndGlobal
